<Project xmlns="http://schemas.microsoft.com/developer/msbuild/2003">
    <PropertyGroup>
        <ProjectGuid>{81B29FDE-0C5E-4E5F-817B-91A1B3A8608E}</ProjectGuid>
        <ProjectVersion>14.6</ProjectVersion>
        <FrameworkType>None</FrameworkType>
        <MainSource>DynamoDBCreateTable.dpr</MainSource>
        <Base>True</Base>
        <Config Condition="'$(Config)'==''">Debug</Config>
        <Platform Condition="'$(Platform)'==''">Win32</Platform>
        <TargetedPlatforms>1</TargetedPlatforms>
        <AppType>Console</AppType>
    </PropertyGroup>
    <PropertyGroup Condition="'$(Config)'=='Base' or '$(Base)'!=''">
        <Base>true</Base>
    </PropertyGroup>
    <PropertyGroup Condition="('$(Platform)'=='iOSDevice' and '$(Base)'=='true') or '$(Base_iOSDevice)'!=''">
        <Base_iOSDevice>true</Base_iOSDevice>
        <CfgParent>Base</CfgParent>
        <Base>true</Base>
    </PropertyGroup>
    <PropertyGroup Condition="('$(Platform)'=='iOSSimulator' and '$(Base)'=='true') or '$(Base_iOSSimulator)'!=''">
        <Base_iOSSimulator>true</Base_iOSSimulator>
        <CfgParent>Base</CfgParent>
        <Base>true</Base>
    </PropertyGroup>
    <PropertyGroup Condition="('$(Platform)'=='OSX32' and '$(Base)'=='true') or '$(Base_OSX32)'!=''">
        <Base_OSX32>true</Base_OSX32>
        <CfgParent>Base</CfgParent>
        <Base>true</Base>
    </PropertyGroup>
    <PropertyGroup Condition="('$(Platform)'=='Win32' and '$(Base)'=='true') or '$(Base_Win32)'!=''">
        <Base_Win32>true</Base_Win32>
        <CfgParent>Base</CfgParent>
        <Base>true</Base>
    </PropertyGroup>
    <PropertyGroup Condition="('$(Platform)'=='Win64' and '$(Base)'=='true') or '$(Base_Win64)'!=''">
        <Base_Win64>true</Base_Win64>
        <CfgParent>Base</CfgParent>
        <Base>true</Base>
    </PropertyGroup>
    <PropertyGroup Condition="'$(Config)'=='Debug' or '$(Cfg_1)'!=''">
        <Cfg_1>true</Cfg_1>
        <CfgParent>Base</CfgParent>
        <Base>true</Base>
    </PropertyGroup>
    <PropertyGroup Condition="('$(Platform)'=='Win32' and '$(Cfg_1)'=='true') or '$(Cfg_1_Win32)'!=''">
        <Cfg_1_Win32>true</Cfg_1_Win32>
        <CfgParent>Cfg_1</CfgParent>
        <Cfg_1>true</Cfg_1>
        <Base>true</Base>
    </PropertyGroup>
    <PropertyGroup Condition="'$(Config)'=='Release' or '$(Cfg_2)'!=''">
        <Cfg_2>true</Cfg_2>
        <CfgParent>Base</CfgParent>
        <Base>true</Base>
    </PropertyGroup>
    <PropertyGroup Condition="'$(Base)'!=''">
        <DCC_Namespace>System;Xml;Data;Datasnap;Web;Soap;$(DCC_Namespace)</DCC_Namespace>
        <DCC_DcuOutput>.\$(Platform)\$(Config)</DCC_DcuOutput>
        <DCC_ExeOutput>.\$(Platform)\$(Config)</DCC_ExeOutput>
        <DCC_E>false</DCC_E>
        <DCC_N>false</DCC_N>
        <DCC_S>false</DCC_S>
        <DCC_F>false</DCC_F>
        <DCC_K>false</DCC_K>
    </PropertyGroup>
    <PropertyGroup Condition="'$(Base_iOSDevice)'!=''">
        <DCC_UsePackage>DBXInterBaseDriver;DataSnapCommon;DbxCommonDriver;dbxcds;CustomIPTransport;dsnap;IndyCore;CloudService;FmxTeeUI;bindcompfmx;dbrtl;bindcomp;xmlrtl;ibxpress;bindengine;soaprtl;FMXTee;inet;dbexpress;IndyIPClient;DBXSqliteDriver;fmx;IndySystem;DataSnapClient;DataSnapProviderClient;fmxase;IndyIPCommon;rtl;DbxClientDriver;IndyProtocols;bindcompdbx;$(DCC_UsePackage)</DCC_UsePackage>
    </PropertyGroup>
    <PropertyGroup Condition="'$(Base_iOSSimulator)'!=''">
        <DCC_UsePackage>DBXInterBaseDriver;DataSnapCommon;DbxCommonDriver;dbxcds;CustomIPTransport;dsnap;IndyCore;CloudService;FmxTeeUI;bindcompfmx;dbrtl;bindcomp;xmlrtl;ibxpress;bindengine;soaprtl;FMXTee;inet;dbexpress;IndyIPClient;DBXSqliteDriver;fmx;IndySystem;DataSnapClient;DataSnapProviderClient;fmxase;IndyIPCommon;rtl;DbxClientDriver;IndyProtocols;bindcompdbx;$(DCC_UsePackage)</DCC_UsePackage>
    </PropertyGroup>
    <PropertyGroup Condition="'$(Base_OSX32)'!=''">
        <DCC_ConsoleTarget>true</DCC_ConsoleTarget>
        <DCC_UsePackage>DBXInterBaseDriver;DataSnapServer;DataSnapCommon;DataAbstract_SpiderMonkeyScripting_D18;DbxCommonDriver;dbxcds;CustomIPTransport;dsnap;IndyIPServer;IndyCore;CloudService;FmxTeeUI;RemObjects_Indy_D18;bindcompfmx;dbrtl;bindcomp;inetdb;xmlrtl;ibxpress;bindengine;soaprtl;FMXTee;DBXInformixDriver;DBXFirebirdDriver;inet;DBXSybaseASADriver;dbexpress;IndyIPClient;DataAbstract_DBXDriver_Pro_D18;DBXSqliteDriver;fmx;IndySystem;DataSnapClient;RemObjects_WebBroker_D18;DataSnapProviderClient;DBXOracleDriver;DataAbstract_DBXDriver_Enterprise_D18;fmxase;IndyIPCommon;inetdbxpress;rtl;DbxClientDriver;IndyProtocols;DBXMySQLDriver;bindcompdbx;fmxobj;fmxdae;DataSnapIndy10ServerTransport;$(DCC_UsePackage)</DCC_UsePackage>
    </PropertyGroup>
    <PropertyGroup Condition="'$(Base_Win32)'!=''">
        <DCC_ConsoleTarget>true</DCC_ConsoleTarget>
        <VerInfo_Locale>1033</VerInfo_Locale>
        <DCC_UsePackage>JvGlobus;dxBarRS18;dxPSCoreRS18;JvMM;JvManagedThreads;dxPScxPCProdRS18;cxTreeListRS18;dxDockingRS18;frxDB18;dxThemeRS18;dxPSdxOCLnkRS18;JvCrypt;DBXInterBaseDriver;DataSnapServer;DataSnapCommon;DataAbstract_SpiderMonkeyScripting_D18;cxTreeListdxBarPopupMenuRS18;JvNet;JvDotNetCtrls;dxGaugeControlRS18;DbxCommonDriver;DataAbstract_SQLiteDriver_D18;vclimg;dbxcds;DatasnapConnectorsFreePascal;JvXPCtrls;vcldb;cxExportRS18;BrowserClickD18;Hydra_FMX_D18;CustomIPTransport;dsnap;IndyIPServer;IndyCore;cxVerticalGridRS18;CloudService;dxPSdxDBOCLnkRS18;FmxTeeUI;dxADOServerModeRS18;RemObjects_Indy_D18;JvDB;JvRuntimeDesign;cxSchedulerRibbonStyleEventEditorRS18;dxPScxExtCommonRS18;cxEditorsRS18;cxSchedulerRS18;dxSpellCheckerRS18;dxPScxVGridLnkRS18;JclDeveloperTools;NovusCodeLibrary_Core_D18;dxRibbonRS18;bindcompfmx;Hydra_RO_D18;vcldbx;cxBarEditItemRS18;cxPageControlRS18;dbrtl;dxMapControlRS18;bindcomp;inetdb;JvPluginSystem;SqlDir180;DBXOdbcDriver;dxPSdxSpreadSheetLnkRS18;JvCmp;JvTimeFramework;xmlrtl;ibxpress;dxBarExtItemsRS18;frxe18;vclactnband;bindengine;soaprtl;FMXTee;bindcompvcl;dxPsPrVwAdvRS18;Jcl;vclie;cxPivotGridRS18;dxmdsRS18;dxBarDBNavRS18;dxTileControlRS18;dxComnRS18;dxBarExtDBItemsRS18;DBXInformixDriver;dxWizardControlRS18;Intraweb;dxPScxSchedulerLnkRS18;dxNavBarRS18;dsnapcon;DBXFirebirdDriver;inet;DataAbstract_SDDriver_D18;dxPScxCommonRS18;JvPascalInterpreter;vclx;DBXSybaseASADriver;dxorgcRS18;dbexpress;JvBDE;IndyIPClient;DataAbstract_DBXDriver_Pro_D18;dxGDIPlusRS18;dxLayoutControlRS18;ZComponent;DBXSqliteDriver;tmswizdXE4;DataAbstract_ActiveScripting_D18;fmx;JvDlgs;IndySystem;TeeDB;frx18;inetdbbde;vclib;DataSnapClient;dxPScxTLLnkRS18;RemObjects_WebBroker_D18;cxSchedulerGridRS18;dxtrmdRS18;DataSnapProviderClient;DBXSybaseASEDriver;RemObjects_Synapse_D18;dxTabbedMDIRS18;MetropolisUILiveTile;dxPSLnksRS18;vcldsnap;dxPScxPivotGridLnkRS18;DBXDb2Driver;DBXOracleDriver;dxServerModeRS18;JvCore;DataAbstract_DBXDriver_Enterprise_D18;vclribbon;dxdborRS18;fmxase;vcl;IndyIPCommon;DBXMSSQLDriver;CodeSiteExpressPkg;DataAbstract_IDE_D18;cxPivotGridChartRS18;JvAppFrm;inetdbxpress;webdsnap;dxPScxGridLnkRS18;cxLibraryRS18;JvDocking;adortl;JvWizards;NovusPack_RO_D18;dxPSdxDBTVLnkRS18;JvHMI;dxSpreadSheetRS18;tmsdXE4;JvBands;ZDbc;rtl;DbxClientDriver;ZPlain;Tee;JclContainers;DelphiXE4_RestApi;JvSystem;svnui;Hydra_Core_D18;NovusPack_Win32Debug_D18;JvControls;dxDBXServerModeRS18;IndyProtocols;DBXMySQLDriver;dxFlowChartRS18;bindcompdbx;TeeUI;JvJans;JvPrintPreview;JvPageComps;JvStdCtrls;JvCustom;ZCore;vcltouch;dxPSPrVwRibbonRS18;tmsexdXE4;dxPSdxFCLnkRS18;VclSmp;cxGridRS18;cxSchedulerTreeBrowserRS18;DataSnapConnectors;NovusPack_RODA_D18;dxdbtrRS18;tmsxlsdXE4;dxCoreRS18;fmxobj;JclVcl;Hydra_VCL_D18;ZParseSql;svn;dxPSdxLCLnkRS18;fmxdae;cxPivotGridOLAPRS18;cxDataRS18;bdertl;EmbeddedWebBrowser_DXE4;DataSnapIndy10ServerTransport;$(DCC_UsePackage)</DCC_UsePackage>
        <VerInfo_Keys>CompanyName=;FileDescription=;FileVersion=1.0.0.0;InternalName=;LegalCopyright=;LegalTrademarks=;OriginalFilename=;ProductName=;ProductVersion=1.0.0.0;Comments=</VerInfo_Keys>
        <DCC_Namespace>Winapi;System.Win;Data.Win;Datasnap.Win;Web.Win;Soap.Win;Xml.Win;Bde;$(DCC_Namespace)</DCC_Namespace>
    </PropertyGroup>
    <PropertyGroup Condition="'$(Base_Win64)'!=''">
        <DCC_ConsoleTarget>true</DCC_ConsoleTarget>
        <DCC_UsePackage>DBXInterBaseDriver;DataSnapServer;DataSnapCommon;DataAbstract_SpiderMonkeyScripting_D18;DbxCommonDriver;DataAbstract_SQLiteDriver_D18;vclimg;dbxcds;DatasnapConnectorsFreePascal;vcldb;Hydra_FMX_D18;CustomIPTransport;dsnap;IndyIPServer;IndyCore;CloudService;FmxTeeUI;RemObjects_Indy_D18;NovusCodeLibrary_Core_D18;bindcompfmx;dbrtl;bindcomp;inetdb;SqlDir180;DBXOdbcDriver;xmlrtl;ibxpress;vclactnband;bindengine;soaprtl;FMXTee;bindcompvcl;vclie;DBXInformixDriver;Intraweb;dsnapcon;DBXFirebirdDriver;inet;vclx;DBXSybaseASADriver;dbexpress;IndyIPClient;DataAbstract_DBXDriver_Pro_D18;ZComponent;DBXSqliteDriver;fmx;IndySystem;TeeDB;vclib;DataSnapClient;RemObjects_WebBroker_D18;DataSnapProviderClient;DBXSybaseASEDriver;RemObjects_Synapse_D18;MetropolisUILiveTile;vcldsnap;DBXDb2Driver;DBXOracleDriver;DataAbstract_DBXDriver_Enterprise_D18;vclribbon;fmxase;vcl;IndyIPCommon;DBXMSSQLDriver;inetdbxpress;webdsnap;adortl;tmsdXE4;ZDbc;rtl;DbxClientDriver;ZPlain;Tee;DelphiXE4_RestApi;Hydra_Core_D18;IndyProtocols;DBXMySQLDriver;bindcompdbx;TeeUI;ZCore;vcltouch;tmsexdXE4;VclSmp;DataSnapConnectors;tmsxlsdXE4;fmxobj;Hydra_VCL_D18;ZParseSql;fmxdae;DataSnapIndy10ServerTransport;$(DCC_UsePackage)</DCC_UsePackage>
    </PropertyGroup>
    <PropertyGroup Condition="'$(Cfg_1)'!=''">
        <DCC_Define>DEBUG;$(DCC_Define)</DCC_Define>
        <DCC_DebugDCUs>true</DCC_DebugDCUs>
        <DCC_Optimize>false</DCC_Optimize>
        <DCC_GenerateStackFrames>true</DCC_GenerateStackFrames>
        <DCC_DebugInfoInExe>true</DCC_DebugInfoInExe>
        <DCC_RemoteDebug>true</DCC_RemoteDebug>
    </PropertyGroup>
    <PropertyGroup Condition="'$(Cfg_1_Win32)'!=''">
        <DCC_RemoteDebug>false</DCC_RemoteDebug>
    </PropertyGroup>
    <PropertyGroup Condition="'$(Cfg_2)'!=''">
        <DCC_LocalDebugSymbols>false</DCC_LocalDebugSymbols>
        <DCC_Define>RELEASE;$(DCC_Define)</DCC_Define>
        <DCC_SymbolReferenceInfo>0</DCC_SymbolReferenceInfo>
        <DCC_DebugInformation>false</DCC_DebugInformation>
    </PropertyGroup>
    <ItemGroup>
        <DelphiCompile Include="$(MainSource)">
            <MainSource>MainSource</MainSource>
        </DelphiCompile>
        <DCCReference Include="..\..\..\SDK\DynamoDB\Amazon.DynamoDB.pas"/>
        <DCCReference Include="..\..\..\Core\Amazon.Client.pas"/>
        <DCCReference Include="..\..\..\Core\Amazon.Interfaces.pas"/>
        <DCCReference Include="..\..\..\Core\Amazon.Credentials.pas"/>
        <DCCReference Include="..\..\..\Core\Amazon.Environment.pas"/>
        <DCCReference Include="..\..\..\Core\Amazon.Utils.pas"/>
        <DCCReference Include="..\..\..\Core\Amazon.Request.pas"/>
        <DCCReference Include="..\..\..\Core\Amazon.Response.pas"/>
        <DCCReference Include="..\..\..\Core\Amazon.RESTClient.pas"/>
        <DCCReference Include="..\..\..\Core\Amazon.SignatureV4.pas"/>
        <DCCReference Include="..\..\..\Core\Amazon.Marshaller.pas"/>
        <BuildConfiguration Include="Release">
            <Key>Cfg_2</Key>
            <CfgParent>Base</CfgParent>
        </BuildConfiguration>
        <BuildConfiguration Include="Base">
            <Key>Base</Key>
        </BuildConfiguration>
        <BuildConfiguration Include="Debug">
            <Key>Cfg_1</Key>
            <CfgParent>Base</CfgParent>
        </BuildConfiguration>
    </ItemGroup>
    <ProjectExtensions>
        <Borland.Personality>Delphi.Personality.12</Borland.Personality>
        <Borland.ProjectType/>
        <BorlandProject>
            <Delphi.Personality>
                <VersionInfo>
                    <VersionInfo Name="IncludeVerInfo">False</VersionInfo>
                    <VersionInfo Name="AutoIncBuild">False</VersionInfo>
                    <VersionInfo Name="MajorVer">1</VersionInfo>
                    <VersionInfo Name="MinorVer">0</VersionInfo>
                    <VersionInfo Name="Release">0</VersionInfo>
                    <VersionInfo Name="Build">0</VersionInfo>
                    <VersionInfo Name="Debug">False</VersionInfo>
                    <VersionInfo Name="PreRelease">False</VersionInfo>
                    <VersionInfo Name="Special">False</VersionInfo>
                    <VersionInfo Name="Private">False</VersionInfo>
                    <VersionInfo Name="DLL">False</VersionInfo>
                    <VersionInfo Name="Locale">3081</VersionInfo>
                    <VersionInfo Name="CodePage">1252</VersionInfo>
                </VersionInfo>
                <VersionInfoKeys>
                    <VersionInfoKeys Name="CompanyName"/>
                    <VersionInfoKeys Name="FileDescription"/>
                    <VersionInfoKeys Name="FileVersion">1.0.0.0</VersionInfoKeys>
                    <VersionInfoKeys Name="InternalName"/>
                    <VersionInfoKeys Name="LegalCopyright"/>
                    <VersionInfoKeys Name="LegalTrademarks"/>
                    <VersionInfoKeys Name="OriginalFilename"/>
                    <VersionInfoKeys Name="ProductName"/>
                    <VersionInfoKeys Name="ProductVersion">1.0.0.0</VersionInfoKeys>
                    <VersionInfoKeys Name="Comments"/>
                    <VersionInfoKeys Name="CFBundleName"/>
                    <VersionInfoKeys Name="CFBundleDisplayName"/>
                    <VersionInfoKeys Name="UIDeviceFamily"/>
                    <VersionInfoKeys Name="CFBundleIdentifier"/>
                    <VersionInfoKeys Name="CFBundleVersion"/>
                    <VersionInfoKeys Name="CFBundlePackageType"/>
                    <VersionInfoKeys Name="CFBundleSignature"/>
                    <VersionInfoKeys Name="CFBundleAllowMixedLocalizations"/>
                    <VersionInfoKeys Name="UISupportedInterfaceOrientations"/>
                    <VersionInfoKeys Name="CFBundleExecutable"/>
                    <VersionInfoKeys Name="CFBundleResourceSpecification"/>
                    <VersionInfoKeys Name="LSRequiresIPhoneOS"/>
                    <VersionInfoKeys Name="CFBundleInfoDictionaryVersion"/>
                    <VersionInfoKeys Name="CFBundleDevelopmentRegion"/>
                </VersionInfoKeys>
                <Source>
                    <Source Name="MainSource">DynamoDBCreateTable.dpr</Source>
                </Source>
            </Delphi.Personality>
            <Deployment/>
            <Platforms>
                <Platform value="iOSDevice">False</Platform>
                <Platform value="iOSSimulator">False</Platform>
                <Platform value="OSX32">False</Platform>
                <Platform value="Win32">True</Platform>
                <Platform value="Win64">False</Platform>
            </Platforms>
        </BorlandProject>
        <ProjectFileVersion>12</ProjectFileVersion>
    </ProjectExtensions>
    <Import Project="$(BDS)\Bin\CodeGear.Delphi.Targets" Condition="Exists('$(BDS)\Bin\CodeGear.Delphi.Targets')"/>
    <Import Project="$(APPDATA)\Embarcadero\$(BDSAPPDATABASEDIR)\$(PRODUCTVERSION)\UserTools.proj" Condition="Exists('$(APPDATA)\Embarcadero\$(BDSAPPDATABASEDIR)\$(PRODUCTVERSION)\UserTools.proj')"/>
</Project>
